// !$*UTF8*$!
{
	archiveVersion = 1;
	classes = {
	};
	objectVersion = 46;
	objects = {

/* Begin PBXBuildFile section */
		006D720419952D00008149E2 /* AVFoundation.framework in Frameworks */ = {isa = PBXBuildFile; fileRef = 006D720219952D00008149E2 /* AVFoundation.framework */; };
		006D720519952D00008149E2 /* CoreMedia.framework in Frameworks */ = {isa = PBXBuildFile; fileRef = 006D720319952D00008149E2 /* CoreMedia.framework */; };
		0091D8F90E81B9330029341E /* OpenGL.framework in Frameworks */ = {isa = PBXBuildFile; fileRef = 0091D8F80E81B9330029341E /* OpenGL.framework */; };
		00B784B30FF439BC000DE1D7 /* Accelerate.framework in Frameworks */ = {isa = PBXBuildFile; fileRef = 00B784AF0FF439BC000DE1D7 /* Accelerate.framework */; };
		00B784B40FF439BC000DE1D7 /* AudioToolbox.framework in Frameworks */ = {isa = PBXBuildFile; fileRef = 00B784B00FF439BC000DE1D7 /* AudioToolbox.framework */; };
		00B784B50FF439BC000DE1D7 /* AudioUnit.framework in Frameworks */ = {isa = PBXBuildFile; fileRef = 00B784B10FF439BC000DE1D7 /* AudioUnit.framework */; };
		00B784B60FF439BC000DE1D7 /* CoreAudio.framework in Frameworks */ = {isa = PBXBuildFile; fileRef = 00B784B20FF439BC000DE1D7 /* CoreAudio.framework */; };
		00B9955A1B128DF400A5C623 /* IOKit.framework in Frameworks */ = {isa = PBXBuildFile; fileRef = 00B995581B128DF400A5C623 /* IOKit.framework */; };
		00B9955B1B128DF400A5C623 /* IOSurface.framework in Frameworks */ = {isa = PBXBuildFile; fileRef = 00B995591B128DF400A5C623 /* IOSurface.framework */; };
		0B8F4EFDDF724914BD567470 /* OscBundle.cpp in Sources */ = {isa = PBXBuildFile; fileRef = 39F3E73D60E44C20B769385F /* OscBundle.cpp */; };
		2EA445388BD543FC868604E2 /* UdpSocket.cpp in Sources */ = {isa = PBXBuildFile; fileRef = 76565BBE15124AF6B367A34B /* UdpSocket.cpp */; };
		31B262387F2A444AB7E8B456 /* NetworkingUtils.cpp in Sources */ = {isa = PBXBuildFile; fileRef = D29905055ECB45D381E6B217 /* NetworkingUtils.cpp */; };
		5323E6B20EAFCA74003A9687 /* CoreVideo.framework in Frameworks */ = {isa = PBXBuildFile; fileRef = 5323E6B10EAFCA74003A9687 /* CoreVideo.framework */; };
		5D0F8C2DFC0E4E5BBC0A3184 /* OscOutboundPacketStream.cpp in Sources */ = {isa = PBXBuildFile; fileRef = 369034D356194FC4AD7E66B2 /* OscOutboundPacketStream.cpp */; };
		6BDF9BB87CCF427C99DE3B80 /* OscPrintReceivedElements.cpp in Sources */ = {isa = PBXBuildFile; fileRef = B7D088063E7C459E8636DB12 /* OscPrintReceivedElements.cpp */; };
		79831CF778B14982891B9C83 /* CinderApp.icns in Resources */ = {isa = PBXBuildFile; fileRef = 6D920B2B3BBF4CEE8EAE3B2C /* CinderApp.icns */; };
		8A7ECA9A281A4769B7265CEE /* OSCGraphApp.cpp in Sources */ = {isa = PBXBuildFile; fileRef = 582E4C0C5B9445959D028B1F /* OSCGraphApp.cpp */; };
		8D11072F0486CEB800E47090 /* Cocoa.framework in Frameworks */ = {isa = PBXBuildFile; fileRef = 1058C7A1FEA54F0111CA2CBB /* Cocoa.framework */; };
		8D93205C5FC243D7B6704FB8 /* OscReceivedElements.cpp in Sources */ = {isa = PBXBuildFile; fileRef = F939298D80FD4423A956D1E5 /* OscReceivedElements.cpp */; };
		911FB89E80864035BE3E9516 /* OscTypes.cpp in Sources */ = {isa = PBXBuildFile; fileRef = 1AFEC95D54FC492A97E16A97 /* OscTypes.cpp */; };
		AA1F93AFA7AB43809A62B9F9 /* OscMessage.cpp in Sources */ = {isa = PBXBuildFile; fileRef = E3168DA1A24C43D789E8A57C /* OscMessage.cpp */; };
		D05E230E1F6CE32B009C746E /* shader.frag in Resources */ = {isa = PBXBuildFile; fileRef = D05E230C1F6CE32B009C746E /* shader.frag */; };
		D05E230F1F6CE32B009C746E /* shader.vert in Resources */ = {isa = PBXBuildFile; fileRef = D05E230D1F6CE32B009C746E /* shader.vert */; };
		D51748CC40734C21BA2E140C /* IpEndpointName.cpp in Sources */ = {isa = PBXBuildFile; fileRef = 02F71622883A4A13AB7DF6FE /* IpEndpointName.cpp */; };
		EC68E231375940D9BDE27374 /* Cairo.cpp in Sources */ = {isa = PBXBuildFile; fileRef = 8379DAC12D0C4A0D82D16595 /* Cairo.cpp */; };
		F170595609D841B0A1EC3127 /* OscListener.cpp in Sources */ = {isa = PBXBuildFile; fileRef = 2697D7C3BD324303BD5E2A7E /* OscListener.cpp */; };
		F6256F19083B440C9719E7BA /* OscSender.cpp in Sources */ = {isa = PBXBuildFile; fileRef = B585B98375D840FCB2D52624 /* OscSender.cpp */; };
/* End PBXBuildFile section */

/* Begin PBXFileReference section */
		006D720219952D00008149E2 /* AVFoundation.framework */ = {isa = PBXFileReference; lastKnownFileType = wrapper.framework; name = AVFoundation.framework; path = System/Library/Frameworks/AVFoundation.framework; sourceTree = SDKROOT; };
		006D720319952D00008149E2 /* CoreMedia.framework */ = {isa = PBXFileReference; lastKnownFileType = wrapper.framework; name = CoreMedia.framework; path = System/Library/Frameworks/CoreMedia.framework; sourceTree = SDKROOT; };
		0091D8F80E81B9330029341E /* OpenGL.framework */ = {isa = PBXFileReference; lastKnownFileType = wrapper.framework; name = OpenGL.framework; path = /System/Library/Frameworks/OpenGL.framework; sourceTree = "<absolute>"; };
		00B784AF0FF439BC000DE1D7 /* Accelerate.framework */ = {isa = PBXFileReference; lastKnownFileType = wrapper.framework; name = Accelerate.framework; path = System/Library/Frameworks/Accelerate.framework; sourceTree = SDKROOT; };
		00B784B00FF439BC000DE1D7 /* AudioToolbox.framework */ = {isa = PBXFileReference; lastKnownFileType = wrapper.framework; name = AudioToolbox.framework; path = System/Library/Frameworks/AudioToolbox.framework; sourceTree = SDKROOT; };
		00B784B10FF439BC000DE1D7 /* AudioUnit.framework */ = {isa = PBXFileReference; lastKnownFileType = wrapper.framework; name = AudioUnit.framework; path = System/Library/Frameworks/AudioUnit.framework; sourceTree = SDKROOT; };
		00B784B20FF439BC000DE1D7 /* CoreAudio.framework */ = {isa = PBXFileReference; lastKnownFileType = wrapper.framework; name = CoreAudio.framework; path = System/Library/Frameworks/CoreAudio.framework; sourceTree = SDKROOT; };
		00B995581B128DF400A5C623 /* IOKit.framework */ = {isa = PBXFileReference; lastKnownFileType = wrapper.framework; name = IOKit.framework; path = System/Library/Frameworks/IOKit.framework; sourceTree = SDKROOT; };
		00B995591B128DF400A5C623 /* IOSurface.framework */ = {isa = PBXFileReference; lastKnownFileType = wrapper.framework; name = IOSurface.framework; path = System/Library/Frameworks/IOSurface.framework; sourceTree = SDKROOT; };
		02F71622883A4A13AB7DF6FE /* IpEndpointName.cpp */ = {isa = PBXFileReference; lastKnownFileType = sourcecode.c.cpp; name = IpEndpointName.cpp; path = ../blocks/OSC/src/ip/IpEndpointName.cpp; sourceTree = "<group>"; };
		060F58533B124512A9B40DA7 /* OscArg.h */ = {isa = PBXFileReference; lastKnownFileType = sourcecode.c.h; name = OscArg.h; path = ../blocks/OSC/src/OscArg.h; sourceTree = "<group>"; };
		1058C7A1FEA54F0111CA2CBB /* Cocoa.framework */ = {isa = PBXFileReference; lastKnownFileType = wrapper.framework; name = Cocoa.framework; path = /System/Library/Frameworks/Cocoa.framework; sourceTree = "<absolute>"; };
		15094D7D506448408DF8AFBE /* TimerListener.h */ = {isa = PBXFileReference; lastKnownFileType = sourcecode.c.h; name = TimerListener.h; path = ../blocks/OSC/src/ip/TimerListener.h; sourceTree = "<group>"; };
		1AFEC95D54FC492A97E16A97 /* OscTypes.cpp */ = {isa = PBXFileReference; lastKnownFileType = sourcecode.c.cpp; name = OscTypes.cpp; path = ../blocks/OSC/src/osc/OscTypes.cpp; sourceTree = "<group>"; };
		2697D7C3BD324303BD5E2A7E /* OscListener.cpp */ = {isa = PBXFileReference; lastKnownFileType = sourcecode.c.cpp; name = OscListener.cpp; path = ../blocks/OSC/src/OscListener.cpp; sourceTree = "<group>"; };
		29B97324FDCFA39411CA2CEA /* AppKit.framework */ = {isa = PBXFileReference; lastKnownFileType = wrapper.framework; name = AppKit.framework; path = /System/Library/Frameworks/AppKit.framework; sourceTree = "<absolute>"; };
		29B97325FDCFA39411CA2CEA /* Foundation.framework */ = {isa = PBXFileReference; lastKnownFileType = wrapper.framework; name = Foundation.framework; path = /System/Library/Frameworks/Foundation.framework; sourceTree = "<absolute>"; };
		369034D356194FC4AD7E66B2 /* OscOutboundPacketStream.cpp */ = {isa = PBXFileReference; lastKnownFileType = sourcecode.c.cpp; name = OscOutboundPacketStream.cpp; path = ../blocks/OSC/src/osc/OscOutboundPacketStream.cpp; sourceTree = "<group>"; };
		39F3E73D60E44C20B769385F /* OscBundle.cpp */ = {isa = PBXFileReference; lastKnownFileType = sourcecode.c.cpp; name = OscBundle.cpp; path = ../blocks/OSC/src/OscBundle.cpp; sourceTree = "<group>"; };
		3A10DD12C78A4438BCD5138D /* MessageMappingOscPacketListener.h */ = {isa = PBXFileReference; lastKnownFileType = sourcecode.c.h; name = MessageMappingOscPacketListener.h; path = ../blocks/OSC/src/osc/MessageMappingOscPacketListener.h; sourceTree = "<group>"; };
		43B8D4BA671042D1AE3DA04A /* OscTypes.h */ = {isa = PBXFileReference; lastKnownFileType = sourcecode.c.h; name = OscTypes.h; path = ../blocks/OSC/src/osc/OscTypes.h; sourceTree = "<group>"; };
		527BCC8D0D384A34BB758A27 /* Info.plist */ = {isa = PBXFileReference; lastKnownFileType = text.plist.xml; path = Info.plist; sourceTree = "<group>"; };
		5323E6B10EAFCA74003A9687 /* CoreVideo.framework */ = {isa = PBXFileReference; lastKnownFileType = wrapper.framework; name = CoreVideo.framework; path = /System/Library/Frameworks/CoreVideo.framework; sourceTree = "<absolute>"; };
		57D0E77F0594431597379478 /* OscPacketListener.h */ = {isa = PBXFileReference; lastKnownFileType = sourcecode.c.h; name = OscPacketListener.h; path = ../blocks/OSC/src/osc/OscPacketListener.h; sourceTree = "<group>"; };
		582E4C0C5B9445959D028B1F /* OSCGraphApp.cpp */ = {isa = PBXFileReference; lastKnownFileType = sourcecode.c.cpp; name = OSCGraphApp.cpp; path = ../src/OSCGraphApp.cpp; sourceTree = "<group>"; };
		59495682CAB64045AF813C5B /* OscOutboundPacketStream.h */ = {isa = PBXFileReference; lastKnownFileType = sourcecode.c.h; name = OscOutboundPacketStream.h; path = ../blocks/OSC/src/osc/OscOutboundPacketStream.h; sourceTree = "<group>"; };
		63AFCF7F3D144211A9B28ED8 /* OscException.h */ = {isa = PBXFileReference; lastKnownFileType = sourcecode.c.h; name = OscException.h; path = ../blocks/OSC/src/osc/OscException.h; sourceTree = "<group>"; };
		66E4E763353D44638B3EEC5F /* OscBundle.h */ = {isa = PBXFileReference; lastKnownFileType = sourcecode.c.h; name = OscBundle.h; path = ../blocks/OSC/src/OscBundle.h; sourceTree = "<group>"; };
		6D920B2B3BBF4CEE8EAE3B2C /* CinderApp.icns */ = {isa = PBXFileReference; lastKnownFileType = image.icns; name = CinderApp.icns; path = ../resources/CinderApp.icns; sourceTree = "<group>"; };
		72074670377F4DABBCB653EE /* OscPrintReceivedElements.h */ = {isa = PBXFileReference; lastKnownFileType = sourcecode.c.h; name = OscPrintReceivedElements.h; path = ../blocks/OSC/src/osc/OscPrintReceivedElements.h; sourceTree = "<group>"; };
		76565BBE15124AF6B367A34B /* UdpSocket.cpp */ = {isa = PBXFileReference; lastKnownFileType = sourcecode.c.cpp; name = UdpSocket.cpp; path = ../blocks/OSC/src/ip/posix/UdpSocket.cpp; sourceTree = "<group>"; };
		78356DEBB75B4A768F17E632 /* NetworkingUtils.h */ = {isa = PBXFileReference; lastKnownFileType = sourcecode.c.h; name = NetworkingUtils.h; path = ../blocks/OSC/src/ip/NetworkingUtils.h; sourceTree = "<group>"; };
		79B63321C58240D9B919CA4E /* OscHostEndianness.h */ = {isa = PBXFileReference; lastKnownFileType = sourcecode.c.h; name = OscHostEndianness.h; path = ../blocks/OSC/src/osc/OscHostEndianness.h; sourceTree = "<group>"; };
		8379DAC12D0C4A0D82D16595 /* Cairo.cpp */ = {isa = PBXFileReference; lastKnownFileType = sourcecode.c.cpp; name = Cairo.cpp; path = ../blocks/Cairo/src/Cairo.cpp; sourceTree = "<group>"; };
		85F027A9F2494B64B932F052 /* OscListener.h */ = {isa = PBXFileReference; lastKnownFileType = sourcecode.c.h; name = OscListener.h; path = ../blocks/OSC/src/OscListener.h; sourceTree = "<group>"; };
		8D1107320486CEB800E47090 /* OSCGraph.app */ = {isa = PBXFileReference; explicitFileType = wrapper.application; includeInIndex = 0; path = OSCGraph.app; sourceTree = BUILT_PRODUCTS_DIR; };
		8E52FB838C094C8383A73BF3 /* Resources.h */ = {isa = PBXFileReference; lastKnownFileType = sourcecode.c.h; name = Resources.h; path = ../include/Resources.h; sourceTree = "<group>"; };
		AAAF3612372040DD94B9EDED /* IpEndpointName.h */ = {isa = PBXFileReference; lastKnownFileType = sourcecode.c.h; name = IpEndpointName.h; path = ../blocks/OSC/src/ip/IpEndpointName.h; sourceTree = "<group>"; };
		B585B98375D840FCB2D52624 /* OscSender.cpp */ = {isa = PBXFileReference; lastKnownFileType = sourcecode.c.cpp; name = OscSender.cpp; path = ../blocks/OSC/src/OscSender.cpp; sourceTree = "<group>"; };
		B7D088063E7C459E8636DB12 /* OscPrintReceivedElements.cpp */ = {isa = PBXFileReference; lastKnownFileType = sourcecode.c.cpp; name = OscPrintReceivedElements.cpp; path = ../blocks/OSC/src/osc/OscPrintReceivedElements.cpp; sourceTree = "<group>"; };
		B83C8761B14F42A0AF6BB3DD /* OSCGraph_Prefix.pch */ = {isa = PBXFileReference; lastKnownFileType = "\"\""; path = OSCGraph_Prefix.pch; sourceTree = "<group>"; };
		C83C82C0FA5E46CD87C65A74 /* OscSender.h */ = {isa = PBXFileReference; lastKnownFileType = sourcecode.c.h; name = OscSender.h; path = ../blocks/OSC/src/OscSender.h; sourceTree = "<group>"; };
		CB4BC2FEBD5F42E4858463AA /* OscReceivedElements.h */ = {isa = PBXFileReference; lastKnownFileType = sourcecode.c.h; name = OscReceivedElements.h; path = ../blocks/OSC/src/osc/OscReceivedElements.h; sourceTree = "<group>"; };
		D05E230C1F6CE32B009C746E /* shader.frag */ = {isa = PBXFileReference; fileEncoding = 4; lastKnownFileType = sourcecode.glsl; name = shader.frag; path = ../resources/shader.frag; sourceTree = "<group>"; };
		D05E230D1F6CE32B009C746E /* shader.vert */ = {isa = PBXFileReference; fileEncoding = 4; lastKnownFileType = sourcecode.glsl; name = shader.vert; path = ../resources/shader.vert; sourceTree = "<group>"; };
		D29905055ECB45D381E6B217 /* NetworkingUtils.cpp */ = {isa = PBXFileReference; lastKnownFileType = sourcecode.c.cpp; name = NetworkingUtils.cpp; path = ../blocks/OSC/src/ip/posix/NetworkingUtils.cpp; sourceTree = "<group>"; };
		E2C285590F6C46ECAEFCEB67 /* OscMessage.h */ = {isa = PBXFileReference; lastKnownFileType = sourcecode.c.h; name = OscMessage.h; path = ../blocks/OSC/src/OscMessage.h; sourceTree = "<group>"; };
		E3168DA1A24C43D789E8A57C /* OscMessage.cpp */ = {isa = PBXFileReference; lastKnownFileType = sourcecode.c.cpp; name = OscMessage.cpp; path = ../blocks/OSC/src/OscMessage.cpp; sourceTree = "<group>"; };
		E515C39C841147D08A4F3D59 /* UdpSocket.h */ = {isa = PBXFileReference; lastKnownFileType = sourcecode.c.h; name = UdpSocket.h; path = ../blocks/OSC/src/ip/UdpSocket.h; sourceTree = "<group>"; };
		F939298D80FD4423A956D1E5 /* OscReceivedElements.cpp */ = {isa = PBXFileReference; lastKnownFileType = sourcecode.c.cpp; name = OscReceivedElements.cpp; path = ../blocks/OSC/src/osc/OscReceivedElements.cpp; sourceTree = "<group>"; };
		FB84941357994CF6B954C816 /* PacketListener.h */ = {isa = PBXFileReference; lastKnownFileType = sourcecode.c.h; name = PacketListener.h; path = ../blocks/OSC/src/ip/PacketListener.h; sourceTree = "<group>"; };
		FC879087D20845EA94831FEB /* Cairo.h */ = {isa = PBXFileReference; lastKnownFileType = sourcecode.c.h; name = Cairo.h; path = ../blocks/Cairo/include/cinder/cairo/Cairo.h; sourceTree = "<group>"; };
/* End PBXFileReference section */

/* Begin PBXFrameworksBuildPhase section */
		8D11072E0486CEB800E47090 /* Frameworks */ = {
			isa = PBXFrameworksBuildPhase;
			buildActionMask = 2147483647;
			files = (
				006D720419952D00008149E2 /* AVFoundation.framework in Frameworks */,
				006D720519952D00008149E2 /* CoreMedia.framework in Frameworks */,
				8D11072F0486CEB800E47090 /* Cocoa.framework in Frameworks */,
				0091D8F90E81B9330029341E /* OpenGL.framework in Frameworks */,
				5323E6B20EAFCA74003A9687 /* CoreVideo.framework in Frameworks */,
				00B784B30FF439BC000DE1D7 /* Accelerate.framework in Frameworks */,
				00B784B40FF439BC000DE1D7 /* AudioToolbox.framework in Frameworks */,
				00B784B50FF439BC000DE1D7 /* AudioUnit.framework in Frameworks */,
				00B784B60FF439BC000DE1D7 /* CoreAudio.framework in Frameworks */,
				00B9955A1B128DF400A5C623 /* IOKit.framework in Frameworks */,
				00B9955B1B128DF400A5C623 /* IOSurface.framework in Frameworks */,
			);
			runOnlyForDeploymentPostprocessing = 0;
		};
/* End PBXFrameworksBuildPhase section */

/* Begin PBXGroup section */
		01B97315FEAEA392516A2CEA /* Blocks */ = {
			isa = PBXGroup;
			children = (
				2FBA0B1385574FD1A0E8C4A2 /* Cairo */,
				D7CE2F6505064E0498B92991 /* OSC */,
			);
			name = Blocks;
			sourceTree = "<group>";
		};
		080E96DDFE201D6D7F000001 /* Source */ = {
			isa = PBXGroup;
			children = (
				582E4C0C5B9445959D028B1F /* OSCGraphApp.cpp */,
			);
			name = Source;
			sourceTree = "<group>";
		};
		09924F72D4FC40B0B311966B /* posix */ = {
			isa = PBXGroup;
			children = (
				D29905055ECB45D381E6B217 /* NetworkingUtils.cpp */,
				76565BBE15124AF6B367A34B /* UdpSocket.cpp */,
			);
			name = posix;
			sourceTree = "<group>";
		};
		1058C7A0FEA54F0111CA2CBB /* Linked Frameworks */ = {
			isa = PBXGroup;
			children = (
				006D720219952D00008149E2 /* AVFoundation.framework */,
				006D720319952D00008149E2 /* CoreMedia.framework */,
				00B784AF0FF439BC000DE1D7 /* Accelerate.framework */,
				00B784B00FF439BC000DE1D7 /* AudioToolbox.framework */,
				00B784B10FF439BC000DE1D7 /* AudioUnit.framework */,
				00B784B20FF439BC000DE1D7 /* CoreAudio.framework */,
				5323E6B10EAFCA74003A9687 /* CoreVideo.framework */,
				0091D8F80E81B9330029341E /* OpenGL.framework */,
				1058C7A1FEA54F0111CA2CBB /* Cocoa.framework */,
				00B995581B128DF400A5C623 /* IOKit.framework */,
				00B995591B128DF400A5C623 /* IOSurface.framework */,
			);
			name = "Linked Frameworks";
			sourceTree = "<group>";
		};
		1058C7A2FEA54F0111CA2CBB /* Other Frameworks */ = {
			isa = PBXGroup;
			children = (
				29B97324FDCFA39411CA2CEA /* AppKit.framework */,
				29B97325FDCFA39411CA2CEA /* Foundation.framework */,
			);
			name = "Other Frameworks";
			sourceTree = "<group>";
		};
		19C28FACFE9D520D11CA2CBB /* Products */ = {
			isa = PBXGroup;
			children = (
				8D1107320486CEB800E47090 /* OSCGraph.app */,
			);
			name = Products;
			sourceTree = "<group>";
		};
		29B97314FDCFA39411CA2CEA /* OSCGraph */ = {
			isa = PBXGroup;
			children = (
				01B97315FEAEA392516A2CEA /* Blocks */,
				29B97315FDCFA39411CA2CEA /* Headers */,
				080E96DDFE201D6D7F000001 /* Source */,
				29B97317FDCFA39411CA2CEA /* Resources */,
				29B97323FDCFA39411CA2CEA /* Frameworks */,
				19C28FACFE9D520D11CA2CBB /* Products */,
			);
			name = OSCGraph;
			sourceTree = "<group>";
		};
		29B97315FDCFA39411CA2CEA /* Headers */ = {
			isa = PBXGroup;
			children = (
				8E52FB838C094C8383A73BF3 /* Resources.h */,
				B83C8761B14F42A0AF6BB3DD /* OSCGraph_Prefix.pch */,
			);
			name = Headers;
			sourceTree = "<group>";
		};
		29B97317FDCFA39411CA2CEA /* Resources */ = {
			isa = PBXGroup;
			children = (
				D05E230C1F6CE32B009C746E /* shader.frag */,
				D05E230D1F6CE32B009C746E /* shader.vert */,
				6D920B2B3BBF4CEE8EAE3B2C /* CinderApp.icns */,
				527BCC8D0D384A34BB758A27 /* Info.plist */,
			);
			name = Resources;
			sourceTree = "<group>";
		};
		29B97323FDCFA39411CA2CEA /* Frameworks */ = {
			isa = PBXGroup;
			children = (
				1058C7A0FEA54F0111CA2CBB /* Linked Frameworks */,
				1058C7A2FEA54F0111CA2CBB /* Other Frameworks */,
			);
			name = Frameworks;
			sourceTree = "<group>";
		};
		2FBA0B1385574FD1A0E8C4A2 /* Cairo */ = {
			isa = PBXGroup;
			children = (
				8FC13792DA814FFB97BA335A /* src */,
				D204D22A340B4266AB444B94 /* include */,
			);
			name = Cairo;
			sourceTree = "<group>";
		};
		632263BD768E4EC6828ACE5D /* osc */ = {
			isa = PBXGroup;
			children = (
				369034D356194FC4AD7E66B2 /* OscOutboundPacketStream.cpp */,
				B7D088063E7C459E8636DB12 /* OscPrintReceivedElements.cpp */,
				F939298D80FD4423A956D1E5 /* OscReceivedElements.cpp */,
				1AFEC95D54FC492A97E16A97 /* OscTypes.cpp */,
				3A10DD12C78A4438BCD5138D /* MessageMappingOscPacketListener.h */,
				63AFCF7F3D144211A9B28ED8 /* OscException.h */,
				79B63321C58240D9B919CA4E /* OscHostEndianness.h */,
				59495682CAB64045AF813C5B /* OscOutboundPacketStream.h */,
				57D0E77F0594431597379478 /* OscPacketListener.h */,
				72074670377F4DABBCB653EE /* OscPrintReceivedElements.h */,
				CB4BC2FEBD5F42E4858463AA /* OscReceivedElements.h */,
				43B8D4BA671042D1AE3DA04A /* OscTypes.h */,
			);
			name = osc;
			sourceTree = "<group>";
		};
		8FC13792DA814FFB97BA335A /* src */ = {
			isa = PBXGroup;
			children = (
				8379DAC12D0C4A0D82D16595 /* Cairo.cpp */,
			);
			name = src;
			sourceTree = "<group>";
		};
		9B1A3A8FC043455F92815BE3 /* src */ = {
			isa = PBXGroup;
			children = (
				39F3E73D60E44C20B769385F /* OscBundle.cpp */,
				2697D7C3BD324303BD5E2A7E /* OscListener.cpp */,
				E3168DA1A24C43D789E8A57C /* OscMessage.cpp */,
				B585B98375D840FCB2D52624 /* OscSender.cpp */,
				F39E6D04EF9E42A997A09930 /* ip */,
				632263BD768E4EC6828ACE5D /* osc */,
				060F58533B124512A9B40DA7 /* OscArg.h */,
				66E4E763353D44638B3EEC5F /* OscBundle.h */,
				85F027A9F2494B64B932F052 /* OscListener.h */,
				E2C285590F6C46ECAEFCEB67 /* OscMessage.h */,
				C83C82C0FA5E46CD87C65A74 /* OscSender.h */,
			);
			name = src;
			sourceTree = "<group>";
		};
		CD679C57A636411FAD8AE773 /* cinder */ = {
			isa = PBXGroup;
			children = (
				DD75D28D726142B6974856A6 /* cairo */,
			);
			name = cinder;
			sourceTree = "<group>";
		};
		D204D22A340B4266AB444B94 /* include */ = {
			isa = PBXGroup;
			children = (
				CD679C57A636411FAD8AE773 /* cinder */,
			);
			name = include;
			sourceTree = "<group>";
		};
		D7CE2F6505064E0498B92991 /* OSC */ = {
			isa = PBXGroup;
			children = (
				9B1A3A8FC043455F92815BE3 /* src */,
			);
			name = OSC;
			sourceTree = "<group>";
		};
		DD75D28D726142B6974856A6 /* cairo */ = {
			isa = PBXGroup;
			children = (
				FC879087D20845EA94831FEB /* Cairo.h */,
			);
			name = cairo;
			sourceTree = "<group>";
		};
		F39E6D04EF9E42A997A09930 /* ip */ = {
			isa = PBXGroup;
			children = (
				02F71622883A4A13AB7DF6FE /* IpEndpointName.cpp */,
				AAAF3612372040DD94B9EDED /* IpEndpointName.h */,
				78356DEBB75B4A768F17E632 /* NetworkingUtils.h */,
				FB84941357994CF6B954C816 /* PacketListener.h */,
				15094D7D506448408DF8AFBE /* TimerListener.h */,
				E515C39C841147D08A4F3D59 /* UdpSocket.h */,
				09924F72D4FC40B0B311966B /* posix */,
			);
			name = ip;
			sourceTree = "<group>";
		};
/* End PBXGroup section */

/* Begin PBXNativeTarget section */
		8D1107260486CEB800E47090 /* OSCGraph */ = {
			isa = PBXNativeTarget;
			buildConfigurationList = C01FCF4A08A954540054247B /* Build configuration list for PBXNativeTarget "OSCGraph" */;
			buildPhases = (
				8D1107290486CEB800E47090 /* Resources */,
				8D11072C0486CEB800E47090 /* Sources */,
				8D11072E0486CEB800E47090 /* Frameworks */,
			);
			buildRules = (
			);
			dependencies = (
			);
			name = OSCGraph;
			productInstallPath = "$(HOME)/Applications";
			productName = OSCGraph;
			productReference = 8D1107320486CEB800E47090 /* OSCGraph.app */;
			productType = "com.apple.product-type.application";
		};
/* End PBXNativeTarget section */

/* Begin PBXProject section */
		29B97313FDCFA39411CA2CEA /* Project object */ = {
			isa = PBXProject;
			attributes = {
			};
			buildConfigurationList = C01FCF4E08A954540054247B /* Build configuration list for PBXProject "OSCGraph" */;
			compatibilityVersion = "Xcode 3.2";
			developmentRegion = English;
			hasScannedForEncodings = 1;
			knownRegions = (
				English,
				Japanese,
				French,
				German,
			);
			mainGroup = 29B97314FDCFA39411CA2CEA /* OSCGraph */;
			projectDirPath = "";
			projectRoot = "";
			targets = (
				8D1107260486CEB800E47090 /* OSCGraph */,
			);
		};
/* End PBXProject section */

/* Begin PBXResourcesBuildPhase section */
		8D1107290486CEB800E47090 /* Resources */ = {
			isa = PBXResourcesBuildPhase;
			buildActionMask = 2147483647;
			files = (
				D05E230F1F6CE32B009C746E /* shader.vert in Resources */,
				D05E230E1F6CE32B009C746E /* shader.frag in Resources */,
				79831CF778B14982891B9C83 /* CinderApp.icns in Resources */,
			);
			runOnlyForDeploymentPostprocessing = 0;
		};
/* End PBXResourcesBuildPhase section */

/* Begin PBXSourcesBuildPhase section */
		8D11072C0486CEB800E47090 /* Sources */ = {
			isa = PBXSourcesBuildPhase;
			buildActionMask = 2147483647;
			files = (
				8A7ECA9A281A4769B7265CEE /* OSCGraphApp.cpp in Sources */,
				EC68E231375940D9BDE27374 /* Cairo.cpp in Sources */,
				0B8F4EFDDF724914BD567470 /* OscBundle.cpp in Sources */,
				F170595609D841B0A1EC3127 /* OscListener.cpp in Sources */,
				AA1F93AFA7AB43809A62B9F9 /* OscMessage.cpp in Sources */,
				F6256F19083B440C9719E7BA /* OscSender.cpp in Sources */,
				D51748CC40734C21BA2E140C /* IpEndpointName.cpp in Sources */,
				5D0F8C2DFC0E4E5BBC0A3184 /* OscOutboundPacketStream.cpp in Sources */,
				6BDF9BB87CCF427C99DE3B80 /* OscPrintReceivedElements.cpp in Sources */,
				8D93205C5FC243D7B6704FB8 /* OscReceivedElements.cpp in Sources */,
				911FB89E80864035BE3E9516 /* OscTypes.cpp in Sources */,
				31B262387F2A444AB7E8B456 /* NetworkingUtils.cpp in Sources */,
				2EA445388BD543FC868604E2 /* UdpSocket.cpp in Sources */,
			);
			runOnlyForDeploymentPostprocessing = 0;
		};
/* End PBXSourcesBuildPhase section */

/* Begin XCBuildConfiguration section */
		C01FCF4B08A954540054247B /* Debug */ = {
			isa = XCBuildConfiguration;
			buildSettings = {
				CINDER_PATH = /Users/connerlacy/Documents/Cinder/cinder_0.9.0_mac;
				COMBINE_HIDPI_IMAGES = YES;
				COPY_PHASE_STRIP = NO;
				DEAD_CODE_STRIPPING = YES;
				GCC_DYNAMIC_NO_PIC = NO;
				GCC_INLINES_ARE_PRIVATE_EXTERN = YES;
				GCC_OPTIMIZATION_LEVEL = 0;
				GCC_PRECOMPILE_PREFIX_HEADER = YES;
				GCC_PREFIX_HEADER = OSCGraph_Prefix.pch;
				GCC_PREPROCESSOR_DEFINITIONS = (
					"DEBUG=1",
					"$(inherited)",
				);
				GCC_SYMBOLS_PRIVATE_EXTERN = NO;
				INFOPLIST_FILE = Info.plist;
				INSTALL_PATH = "$(HOME)/Applications";
				OTHER_LDFLAGS = (
					"\"$(CINDER_PATH)/lib/libcinder_d.a\"",
					../blocks/Cairo/lib/macosx/libcairo.a,
					"\"../blocks/Cairo/lib/macosx/libpixman-1.a\"",
					../blocks/Cairo/lib/macosx/libpng16.a,
				);
				PRODUCT_BUNDLE_IDENTIFIER = "org.libcinder.${PRODUCT_NAME:rfc1034identifier}";
				PRODUCT_NAME = OSCGraph;
				SYMROOT = ./build;
				WRAPPER_EXTENSION = app;
			};
			name = Debug;
		};
		C01FCF4C08A954540054247B /* Release */ = {
			isa = XCBuildConfiguration;
			buildSettings = {
				CINDER_PATH = /Users/connerlacy/Documents/Cinder/cinder_0.9.0_mac;
				COMBINE_HIDPI_IMAGES = YES;
				DEAD_CODE_STRIPPING = YES;
				DEBUG_INFORMATION_FORMAT = "dwarf-with-dsym";
				GCC_FAST_MATH = YES;
				GCC_GENERATE_DEBUGGING_SYMBOLS = NO;
				GCC_INLINES_ARE_PRIVATE_EXTERN = YES;
				GCC_OPTIMIZATION_LEVEL = 3;
				GCC_PRECOMPILE_PREFIX_HEADER = YES;
				GCC_PREFIX_HEADER = OSCGraph_Prefix.pch;
				GCC_PREPROCESSOR_DEFINITIONS = (
					"NDEBUG=1",
					"$(inherited)",
				);
				GCC_SYMBOLS_PRIVATE_EXTERN = NO;
				INFOPLIST_FILE = Info.plist;
				INSTALL_PATH = "$(HOME)/Applications";
				OTHER_LDFLAGS = (
					"\"$(CINDER_PATH)/lib/libcinder.a\"",
					../blocks/Cairo/lib/macosx/libcairo.a,
					"\"../blocks/Cairo/lib/macosx/libpixman-1.a\"",
					../blocks/Cairo/lib/macosx/libpng16.a,
				);
				PRODUCT_BUNDLE_IDENTIFIER = "org.libcinder.${PRODUCT_NAME:rfc1034identifier}";
				PRODUCT_NAME = OSCGraph;
				STRIP_INSTALLED_PRODUCT = YES;
				SYMROOT = ./build;
				WRAPPER_EXTENSION = app;
			};
			name = Release;
		};
		C01FCF4F08A954540054247B /* Debug */ = {
			isa = XCBuildConfiguration;
			buildSettings = {
				ALWAYS_SEARCH_USER_PATHS = NO;
				CINDER_PATH = ../../../Documents/Cinder/cinder_0.9.0_mac;
				CLANG_CXX_LANGUAGE_STANDARD = "c++11";
				CLANG_CXX_LIBRARY = "libc++";
				ENABLE_TESTABILITY = YES;
				GCC_WARN_ABOUT_RETURN_TYPE = YES;
				GCC_WARN_UNUSED_VARIABLE = YES;
				HEADER_SEARCH_PATHS = (
					"\"$(CINDER_PATH)/include\"",
					../blocks/Cairo/include/macosx,
				);
				MACOSX_DEPLOYMENT_TARGET = 10.8;
				ONLY_ACTIVE_ARCH = YES;
				SDKROOT = macosx;
				USER_HEADER_SEARCH_PATHS = "\"$(CINDER_PATH)/include\" ../include ../blocks/Cairo/include ../blocks/OSC/src";
			};
			name = Debug;
		};
		C01FCF5008A954540054247B /* Release */ = {
			isa = XCBuildConfiguration;
			buildSettings = {
				ALWAYS_SEARCH_USER_PATHS = NO;
				CINDER_PATH = ../../../Documents/Cinder/cinder_0.9.0_mac;
				CLANG_CXX_LANGUAGE_STANDARD = "c++11";
				CLANG_CXX_LIBRARY = "libc++";
				GCC_WARN_ABOUT_RETURN_TYPE = YES;
				GCC_WARN_UNUSED_VARIABLE = YES;
				HEADER_SEARCH_PATHS = (
					"\"$(CINDER_PATH)/include\"",
					../blocks/Cairo/include/macosx,
				);
				MACOSX_DEPLOYMENT_TARGET = 10.8;
				SDKROOT = macosx;
				USER_HEADER_SEARCH_PATHS = "\"$(CINDER_PATH)/include\" ../include ../blocks/Cairo/include ../blocks/OSC/src";
			};
			name = Release;
		};
/* End XCBuildConfiguration section */

/* Begin XCConfigurationList section */
		C01FCF4A08A954540054247B /* Build configuration list for PBXNativeTarget "OSCGraph" */ = {
			isa = XCConfigurationList;
			buildConfigurations = (
				C01FCF4B08A954540054247B /* Debug */,
				C01FCF4C08A954540054247B /* Release */,
			);
			defaultConfigurationIsVisible = 0;
			defaultConfigurationName = Release;
		};
		C01FCF4E08A954540054247B /* Build configuration list for PBXProject "OSCGraph" */ = {
			isa = XCConfigurationList;
			buildConfigurations = (
				C01FCF4F08A954540054247B /* Debug */,
				C01FCF5008A954540054247B /* Release */,
			);
			defaultConfigurationIsVisible = 0;
			defaultConfigurationName = Release;
		};
/* End XCConfigurationList section */
	};
	rootObject = 29B97313FDCFA39411CA2CEA /* Project object */;
}
